
Microsoft Visual Studio Solution File, Format Version 12.00
# Visual Studio Version 17
VisualStudioVersion = 17.0.31903.59
MinimumVisualStudioVersion = 10.0.40219.1
Project("{2150E333-8FDC-42A3-9474-1A3956D46DE8}") = "src", "src", "{827E0CD3-B72D-47B6-A68D-7590B98EB39B}"
EndProject
Project("{2150E333-8FDC-42A3-9474-1A3956D46DE8}") = "SaassyAdmin.Client", "SaassyAdmin.Client", "{0C5CA2DB-F751-67AB-57DF-B1FB0EFFB1AF}"
EndProject
Project("{2150E333-8FDC-42A3-9474-1A3956D46DE8}") = "Client", "Client", "{C65E0630-B943-218E-3EAB-80985CA60B26}"
EndProject
Project("{FAE04EC0-301F-11D3-BF4B-00C04F79EFBC}") = "SaassyAdmin.Client.Client", "src\SaassyAdmin.Client\Client\SaassyAdmin.Client.Client.csproj", "{B4974CFA-8B3C-460C-AA65-D86F105B1FC5}"
EndProject
Project("{2150E333-8FDC-42A3-9474-1A3956D46DE8}") = "Server", "Server", "{4092D184-4355-371C-FC95-C5BA87E655F9}"
EndProject
Project("{FAE04EC0-301F-11D3-BF4B-00C04F79EFBC}") = "SaassyAdmin.Client.Server", "src\SaassyAdmin.Client\Server\SaassyAdmin.Client.Server.csproj", "{768535C3-7FC8-4862-8453-A74FBD777431}"
EndProject
Project("{2150E333-8FDC-42A3-9474-1A3956D46DE8}") = "Shared", "Shared", "{6AD535A3-0720-0D9C-6F99-37334381B697}"
EndProject
Project("{FAE04EC0-301F-11D3-BF4B-00C04F79EFBC}") = "SaassyAdmin.Client.Shared", "src\SaassyAdmin.Client\Shared\SaassyAdmin.Client.Shared.csproj", "{F2B72150-F982-48EB-82E6-795389763B45}"
EndProject
Project("{2150E333-8FDC-42A3-9474-1A3956D46DE8}") = "tests", "tests", "{0AB3BF05-4346-4AA6-1389-037BE0695223}"
EndProject
Project("{FAE04EC0-301F-11D3-BF4B-00C04F79EFBC}") = "SaassyAdmin.Tests", "tests\SaassyAdmin.Tests\SaassyAdmin.Tests.csproj", "{AAFA1C1B-F2F0-46C6-A1B5-2A0C163E765B}"
EndProject
Global
	GlobalSection(SolutionConfigurationPlatforms) = preSolution
		Debug|Any CPU = Debug|Any CPU
		Debug|x64 = Debug|x64
		Debug|x86 = Debug|x86
		Release|Any CPU = Release|Any CPU
		Release|x64 = Release|x64
		Release|x86 = Release|x86
	EndGlobalSection
	GlobalSection(ProjectConfigurationPlatforms) = postSolution
		{B4974CFA-8B3C-460C-AA65-D86F105B1FC5}.Debug|Any CPU.ActiveCfg = Debug|Any CPU
		{B4974CFA-8B3C-460C-AA65-D86F105B1FC5}.Debug|Any CPU.Build.0 = Debug|Any CPU
		{B4974CFA-8B3C-460C-AA65-D86F105B1FC5}.Debug|x64.ActiveCfg = Debug|Any CPU
		{B4974CFA-8B3C-460C-AA65-D86F105B1FC5}.Debug|x64.Build.0 = Debug|Any CPU
		{B4974CFA-8B3C-460C-AA65-D86F105B1FC5}.Debug|x86.ActiveCfg = Debug|Any CPU
		{B4974CFA-8B3C-460C-AA65-D86F105B1FC5}.Debug|x86.Build.0 = Debug|Any CPU
		{B4974CFA-8B3C-460C-AA65-D86F105B1FC5}.Release|Any CPU.ActiveCfg = Release|Any CPU
		{B4974CFA-8B3C-460C-AA65-D86F105B1FC5}.Release|Any CPU.Build.0 = Release|Any CPU
		{B4974CFA-8B3C-460C-AA65-D86F105B1FC5}.Release|x64.ActiveCfg = Release|Any CPU
		{B4974CFA-8B3C-460C-AA65-D86F105B1FC5}.Release|x64.Build.0 = Release|Any CPU
		{B4974CFA-8B3C-460C-AA65-D86F105B1FC5}.Release|x86.ActiveCfg = Release|Any CPU
		{B4974CFA-8B3C-460C-AA65-D86F105B1FC5}.Release|x86.Build.0 = Release|Any CPU
		{768535C3-7FC8-4862-8453-A74FBD777431}.Debug|Any CPU.ActiveCfg = Debug|Any CPU
		{768535C3-7FC8-4862-8453-A74FBD777431}.Debug|Any CPU.Build.0 = Debug|Any CPU
		{768535C3-7FC8-4862-8453-A74FBD777431}.Debug|x64.ActiveCfg = Debug|Any CPU
		{768535C3-7FC8-4862-8453-A74FBD777431}.Debug|x64.Build.0 = Debug|Any CPU
		{768535C3-7FC8-4862-8453-A74FBD777431}.Debug|x86.ActiveCfg = Debug|Any CPU
		{768535C3-7FC8-4862-8453-A74FBD777431}.Debug|x86.Build.0 = Debug|Any CPU
		{768535C3-7FC8-4862-8453-A74FBD777431}.Release|Any CPU.ActiveCfg = Release|Any CPU
		{768535C3-7FC8-4862-8453-A74FBD777431}.Release|Any CPU.Build.0 = Release|Any CPU
		{768535C3-7FC8-4862-8453-A74FBD777431}.Release|x64.ActiveCfg = Release|Any CPU
		{768535C3-7FC8-4862-8453-A74FBD777431}.Release|x64.Build.0 = Release|Any CPU
		{768535C3-7FC8-4862-8453-A74FBD777431}.Release|x86.ActiveCfg = Release|Any CPU
		{768535C3-7FC8-4862-8453-A74FBD777431}.Release|x86.Build.0 = Release|Any CPU
		{F2B72150-F982-48EB-82E6-795389763B45}.Debug|Any CPU.ActiveCfg = Debug|Any CPU
		{F2B72150-F982-48EB-82E6-795389763B45}.Debug|Any CPU.Build.0 = Debug|Any CPU
		{F2B72150-F982-48EB-82E6-795389763B45}.Debug|x64.ActiveCfg = Debug|Any CPU
		{F2B72150-F982-48EB-82E6-795389763B45}.Debug|x64.Build.0 = Debug|Any CPU
		{F2B72150-F982-48EB-82E6-795389763B45}.Debug|x86.ActiveCfg = Debug|Any CPU
		{F2B72150-F982-48EB-82E6-795389763B45}.Debug|x86.Build.0 = Debug|Any CPU
		{F2B72150-F982-48EB-82E6-795389763B45}.Release|Any CPU.ActiveCfg = Release|Any CPU
		{F2B72150-F982-48EB-82E6-795389763B45}.Release|Any CPU.Build.0 = Release|Any CPU
		{F2B72150-F982-48EB-82E6-795389763B45}.Release|x64.ActiveCfg = Release|Any CPU
		{F2B72150-F982-48EB-82E6-795389763B45}.Release|x64.Build.0 = Release|Any CPU
		{F2B72150-F982-48EB-82E6-795389763B45}.Release|x86.ActiveCfg = Release|Any CPU
		{F2B72150-F982-48EB-82E6-795389763B45}.Release|x86.Build.0 = Release|Any CPU
		{AAFA1C1B-F2F0-46C6-A1B5-2A0C163E765B}.Debug|Any CPU.ActiveCfg = Debug|Any CPU
		{AAFA1C1B-F2F0-46C6-A1B5-2A0C163E765B}.Debug|Any CPU.Build.0 = Debug|Any CPU
		{AAFA1C1B-F2F0-46C6-A1B5-2A0C163E765B}.Debug|x64.ActiveCfg = Debug|Any CPU
		{AAFA1C1B-F2F0-46C6-A1B5-2A0C163E765B}.Debug|x64.Build.0 = Debug|Any CPU
		{AAFA1C1B-F2F0-46C6-A1B5-2A0C163E765B}.Debug|x86.ActiveCfg = Debug|Any CPU
		{AAFA1C1B-F2F0-46C6-A1B5-2A0C163E765B}.Debug|x86.Build.0 = Debug|Any CPU
		{AAFA1C1B-F2F0-46C6-A1B5-2A0C163E765B}.Release|Any CPU.ActiveCfg = Release|Any CPU
		{AAFA1C1B-F2F0-46C6-A1B5-2A0C163E765B}.Release|Any CPU.Build.0 = Release|Any CPU
		{AAFA1C1B-F2F0-46C6-A1B5-2A0C163E765B}.Release|x64.ActiveCfg = Release|Any CPU
		{AAFA1C1B-F2F0-46C6-A1B5-2A0C163E765B}.Release|x64.Build.0 = Release|Any CPU
		{AAFA1C1B-F2F0-46C6-A1B5-2A0C163E765B}.Release|x86.ActiveCfg = Release|Any CPU
		{AAFA1C1B-F2F0-46C6-A1B5-2A0C163E765B}.Release|x86.Build.0 = Release|Any CPU
	EndGlobalSection
	GlobalSection(SolutionProperties) = preSolution
		HideSolutionNode = FALSE
	EndGlobalSection
	GlobalSection(NestedProjects) = preSolution
		{0C5CA2DB-F751-67AB-57DF-B1FB0EFFB1AF} = {827E0CD3-B72D-47B6-A68D-7590B98EB39B}
		{C65E0630-B943-218E-3EAB-80985CA60B26} = {0C5CA2DB-F751-67AB-57DF-B1FB0EFFB1AF}
		{B4974CFA-8B3C-460C-AA65-D86F105B1FC5} = {C65E0630-B943-218E-3EAB-80985CA60B26}
		{4092D184-4355-371C-FC95-C5BA87E655F9} = {0C5CA2DB-F751-67AB-57DF-B1FB0EFFB1AF}
		{768535C3-7FC8-4862-8453-A74FBD777431} = {4092D184-4355-371C-FC95-C5BA87E655F9}
		{6AD535A3-0720-0D9C-6F99-37334381B697} = {0C5CA2DB-F751-67AB-57DF-B1FB0EFFB1AF}
		{F2B72150-F982-48EB-82E6-795389763B45} = {6AD535A3-0720-0D9C-6F99-37334381B697}
		{AAFA1C1B-F2F0-46C6-A1B5-2A0C163E765B} = {0AB3BF05-4346-4AA6-1389-037BE0695223}
	EndGlobalSection
EndGlobal
