Microsoft Visual Studio Solution File, Format Version 12.00
# Visual Studio Version 16
VisualStudioVersion = 16.0.0.0
MinimumVisualStudioVersion = 16.0.0.0
Project("{9A19103F-16F7-4668-BE54-9A1E7A4F7556}") = "SaassyAdmin.Client.Server", "Server\SaassyAdmin.Client.Server.csproj", "{60B0795A-13DB-430A-B9C9-79D4CBEFE639}"
EndProject
Project("{9A19103F-16F7-4668-BE54-9A1E7A4F7556}") = "SaassyAdmin.Client.Client", "Client\SaassyAdmin.Client.Client.csproj", "{8919C8B6-68CB-48D8-A5DB-A13F6F062C96}"
EndProject
Project("{9A19103F-16F7-4668-BE54-9A1E7A4F7556}") = "SaassyAdmin.Client.Shared", "Shared\SaassyAdmin.Client.Shared.csproj", "{481F35C3-C074-4D55-8337-503D158B5045}"
EndProject
Global
	GlobalSection(SolutionConfigurationPlatforms) = preSolution
		Debug|Any CPU = Debug|Any CPU
		Debug|x64 = Debug|x64
		Debug|x86 = Debug|x86
		Release|Any CPU = Release|Any CPU
		Release|x64 = Release|x64
		Release|x86 = Release|x86
	EndGlobalSection
	GlobalSection(ProjectConfigurationPlatforms) = postSolution
		{8919C8B6-68CB-48D8-A5DB-A13F6F062C96}.Debug|Any CPU.ActiveCfg = Debug|Any CPU
		{8919C8B6-68CB-48D8-A5DB-A13F6F062C96}.Debug|Any CPU.Build.0 = Debug|Any CPU
		{8919C8B6-68CB-48D8-A5DB-A13F6F062C96}.Debug|x64.ActiveCfg = Debug|Any CPU
		{8919C8B6-68CB-48D8-A5DB-A13F6F062C96}.Debug|x64.Build.0 = Debug|Any CPU
		{8919C8B6-68CB-48D8-A5DB-A13F6F062C96}.Debug|x86.ActiveCfg = Debug|Any CPU
		{8919C8B6-68CB-48D8-A5DB-A13F6F062C96}.Debug|x86.Build.0 = Debug|Any CPU
		{8919C8B6-68CB-48D8-A5DB-A13F6F062C96}.Release|Any CPU.ActiveCfg = Release|Any CPU
		{8919C8B6-68CB-48D8-A5DB-A13F6F062C96}.Release|Any CPU.Build.0 = Release|Any CPU
		{8919C8B6-68CB-48D8-A5DB-A13F6F062C96}.Release|x64.ActiveCfg = Release|Any CPU
		{8919C8B6-68CB-48D8-A5DB-A13F6F062C96}.Release|x64.Build.0 = Release|Any CPU
		{8919C8B6-68CB-48D8-A5DB-A13F6F062C96}.Release|x86.ActiveCfg = Release|Any CPU
		{8919C8B6-68CB-48D8-A5DB-A13F6F062C96}.Release|x86.Build.0 = Release|Any CPU
		{60B0795A-13DB-430A-B9C9-79D4CBEFE639}.Debug|Any CPU.ActiveCfg = Debug|Any CPU
		{60B0795A-13DB-430A-B9C9-79D4CBEFE639}.Debug|Any CPU.Build.0 = Debug|Any CPU
		{60B0795A-13DB-430A-B9C9-79D4CBEFE639}.Debug|x64.ActiveCfg = Debug|Any CPU
		{60B0795A-13DB-430A-B9C9-79D4CBEFE639}.Debug|x64.Build.0 = Debug|Any CPU
		{60B0795A-13DB-430A-B9C9-79D4CBEFE639}.Debug|x86.ActiveCfg = Debug|Any CPU
		{60B0795A-13DB-430A-B9C9-79D4CBEFE639}.Debug|x86.Build.0 = Debug|Any CPU
		{60B0795A-13DB-430A-B9C9-79D4CBEFE639}.Release|Any CPU.ActiveCfg = Release|Any CPU
		{60B0795A-13DB-430A-B9C9-79D4CBEFE639}.Release|Any CPU.Build.0 = Release|Any CPU
		{60B0795A-13DB-430A-B9C9-79D4CBEFE639}.Release|x64.ActiveCfg = Release|Any CPU
		{60B0795A-13DB-430A-B9C9-79D4CBEFE639}.Release|x64.Build.0 = Release|Any CPU
		{60B0795A-13DB-430A-B9C9-79D4CBEFE639}.Release|x86.ActiveCfg = Release|Any CPU
		{60B0795A-13DB-430A-B9C9-79D4CBEFE639}.Release|x86.Build.0 = Release|Any CPU
		{481F35C3-C074-4D55-8337-503D158B5045}.Debug|Any CPU.ActiveCfg = Debug|Any CPU
		{481F35C3-C074-4D55-8337-503D158B5045}.Debug|Any CPU.Build.0 = Debug|Any CPU
		{481F35C3-C074-4D55-8337-503D158B5045}.Debug|x64.ActiveCfg = Debug|Any CPU
		{481F35C3-C074-4D55-8337-503D158B5045}.Debug|x64.Build.0 = Debug|Any CPU
		{481F35C3-C074-4D55-8337-503D158B5045}.Debug|x86.ActiveCfg = Debug|Any CPU
		{481F35C3-C074-4D55-8337-503D158B5045}.Debug|x86.Build.0 = Debug|Any CPU
		{481F35C3-C074-4D55-8337-503D158B5045}.Release|Any CPU.ActiveCfg = Release|Any CPU
		{481F35C3-C074-4D55-8337-503D158B5045}.Release|Any CPU.Build.0 = Release|Any CPU
		{481F35C3-C074-4D55-8337-503D158B5045}.Release|x64.ActiveCfg = Release|Any CPU
		{481F35C3-C074-4D55-8337-503D158B5045}.Release|x64.Build.0 = Release|Any CPU
		{481F35C3-C074-4D55-8337-503D158B5045}.Release|x86.ActiveCfg = Release|Any CPU
		{481F35C3-C074-4D55-8337-503D158B5045}.Release|x86.Build.0 = Release|Any CPU
	EndGlobalSection
	GlobalSection(SolutionProperties) = preSolution
		HideSolutionNode = FALSE
	EndGlobalSection
	GlobalSection(ExtensibilityGlobals) = postSolution
		SolutionGuid = {BE193A32-0224-497F-8732-7BDE16C4DEC2}
	EndGlobalSection
EndGlobal